
Microsoft Visual Studio Solution File, Format Version 12.00
# Visual Studio Version 17
VisualStudioVersion = 17.7.34031.279
MinimumVisualStudioVersion = 10.0.40219.1
Project("{FAE04EC0-301F-11D3-BF4B-00C04F79EFBC}") = "GFLTestTask", "GFLTestTask.csproj", "{01D5F325-A68D-434D-B5F6-E850EDF68E76}"
EndProject
Global
	GlobalSection(SolutionConfigurationPlatforms) = preSolution
		Debug|Any CPU = Debug|Any CPU
		Release|Any CPU = Release|Any CPU
	EndGlobalSection
	GlobalSection(ProjectConfigurationPlatforms) = postSolution
		{01D5F325-A68D-434D-B5F6-E850EDF68E76}.Debug|Any CPU.ActiveCfg = Debug|Any CPU
		{01D5F325-A68D-434D-B5F6-E850EDF68E76}.Debug|Any CPU.Build.0 = Debug|Any CPU
		{01D5F325-A68D-434D-B5F6-E850EDF68E76}.Release|Any CPU.ActiveCfg = Release|Any CPU
		{01D5F325-A68D-434D-B5F6-E850EDF68E76}.Release|Any CPU.Build.0 = Release|Any CPU
	EndGlobalSection
	GlobalSection(SolutionProperties) = preSolution
		HideSolutionNode = FALSE
	EndGlobalSection
	GlobalSection(ExtensibilityGlobals) = postSolution
		SolutionGuid = {B3525527-75F2-43AA-A908-23B5450E39EF}
	EndGlobalSection
EndGlobal
